<?xml version="1.0" encoding="utf-8"?>
<Project ToolsVersion="4.0" xmlns="http://schemas.microsoft.com/developer/msbuild/2003">
  <ItemGroup>
    <Filter Include="來源檔案">
      <UniqueIdentifier>{4FC737F1-C7A5-4376-A066-2A32D752A2FF}</UniqueIdentifier>
      <Extensions>cpp;c;cc;cxx;def;odl;idl;hpj;bat;asm;asmx</Extensions>
    </Filter>
    <Filter Include="標頭檔">
      <UniqueIdentifier>{93995380-89BD-4b04-88EB-625FBE52EBFB}</UniqueIdentifier>
      <Extensions>h;hh;hpp;hxx;hm;inl;inc;xsd</Extensions>
    </Filter>
    <Filter Include="資源檔">
      <UniqueIdentifier>{67DA6AB6-F800-4c08-8B7A-83BB121AAD01}</UniqueIdentifier>
      <Extensions>rc;ico;cur;bmp;dlg;rc2;rct;bin;rgs;gif;jpg;jpeg;jpe;resx;tiff;tif;png;wav;mfcribbon-ms</Extensions>
    </Filter>
  </ItemGroup>
  <ItemGroup>
    <ClInclude Include="..\..\factory_method_pizza - 複製\factory_method_pizza\Cheese.h">
      <Filter>標頭檔</Filter>
    </ClInclude>
    <ClInclude Include="..\..\factory_method_pizza - 複製\factory_method_pizza\CheesePizza.h">
      <Filter>標頭檔</Filter>
    </ClInclude>
    <ClInclude Include="..\..\factory_method_pizza - 複製\factory_method_pizza\ChicagoPizzaIngredientFactory.h">
      <Filter>標頭檔</Filter>
    </ClInclude>
    <ClInclude Include="..\..\factory_method_pizza - 複製\factory_method_pizza\ChicagoPizzaStore.h">
      <Filter>標頭檔</Filter>
    </ClInclude>
    <ClInclude Include="..\..\factory_method_pizza - 複製\factory_method_pizza\Clams.h">
      <Filter>標頭檔</Filter>
    </ClInclude>
    <ClInclude Include="..\..\factory_method_pizza - 複製\factory_method_pizza\Dough.h">
      <Filter>標頭檔</Filter>
    </ClInclude>
    <ClInclude Include="..\..\factory_method_pizza - 複製\factory_method_pizza\FreshClams.h">
      <Filter>標頭檔</Filter>
    </ClInclude>
    <ClInclude Include="..\..\factory_method_pizza - 複製\factory_method_pizza\FrozenClams.h">
      <Filter>標頭檔</Filter>
    </ClInclude>
    <ClInclude Include="..\..\factory_method_pizza - 複製\factory_method_pizza\Header.h">
      <Filter>標頭檔</Filter>
    </ClInclude>
    <ClInclude Include="..\..\factory_method_pizza - 複製\factory_method_pizza\MarinaraSauce.h">
      <Filter>標頭檔</Filter>
    </ClInclude>
    <ClInclude Include="..\..\factory_method_pizza - 複製\factory_method_pizza\MixVeggies.h">
      <Filter>標頭檔</Filter>
    </ClInclude>
    <ClInclude Include="..\..\factory_method_pizza - 複製\factory_method_pizza\MozzarellaCheese.h">
      <Filter>標頭檔</Filter>
    </ClInclude>
    <ClInclude Include="..\..\factory_method_pizza - 複製\factory_method_pizza\NYPizzaIngredientFactory.h">
      <Filter>標頭檔</Filter>
    </ClInclude>
    <ClInclude Include="..\..\factory_method_pizza - 複製\factory_method_pizza\NYPizzaStore.h">
      <Filter>標頭檔</Filter>
    </ClInclude>
    <ClInclude Include="..\..\factory_method_pizza - 複製\factory_method_pizza\Pizza.h">
      <Filter>標頭檔</Filter>
    </ClInclude>
    <ClInclude Include="..\..\factory_method_pizza - 複製\factory_method_pizza\PizzaIngredientFactory.h">
      <Filter>標頭檔</Filter>
    </ClInclude>
    <ClInclude Include="..\..\factory_method_pizza - 複製\factory_method_pizza\PizzaStore.h">
      <Filter>標頭檔</Filter>
    </ClInclude>
    <ClInclude Include="..\..\factory_method_pizza - 複製\factory_method_pizza\PlumTomatoSauce.h">
      <Filter>標頭檔</Filter>
    </ClInclude>
    <ClInclude Include="..\..\factory_method_pizza - 複製\factory_method_pizza\ReggianoCheese.h">
      <Filter>標頭檔</Filter>
    </ClInclude>
    <ClInclude Include="..\..\factory_method_pizza - 複製\factory_method_pizza\RoyalVeggies.h">
      <Filter>標頭檔</Filter>
    </ClInclude>
    <ClInclude Include="..\..\factory_method_pizza - 複製\factory_method_pizza\Sauce.h">
      <Filter>標頭檔</Filter>
    </ClInclude>
    <ClInclude Include="..\..\factory_method_pizza - 複製\factory_method_pizza\ThickCrustDough.h">
      <Filter>標頭檔</Filter>
    </ClInclude>
    <ClInclude Include="..\..\factory_method_pizza - 複製\factory_method_pizza\ThinCrustDough.h">
      <Filter>標頭檔</Filter>
    </ClInclude>
    <ClInclude Include="..\..\factory_method_pizza - 複製\factory_method_pizza\VeggiePizza.h">
      <Filter>標頭檔</Filter>
    </ClInclude>
    <ClInclude Include="..\..\factory_method_pizza - 複製\factory_method_pizza\Veggies.h">
      <Filter>標頭檔</Filter>
    </ClInclude>
  </ItemGroup>
  <ItemGroup>
    <ClCompile Include="..\..\factory_method_pizza - 複製\factory_method_pizza\Cheese.cpp">
      <Filter>資源檔</Filter>
    </ClCompile>
    <ClCompile Include="..\..\factory_method_pizza - 複製\factory_method_pizza\CheesePizza.cpp">
      <Filter>資源檔</Filter>
    </ClCompile>
    <ClCompile Include="..\..\factory_method_pizza - 複製\factory_method_pizza\ChicagoPizzaIngredientFactory.cpp">
      <Filter>資源檔</Filter>
    </ClCompile>
    <ClCompile Include="..\..\factory_method_pizza - 複製\factory_method_pizza\ChicagoPizzaStore.cpp">
      <Filter>資源檔</Filter>
    </ClCompile>
    <ClCompile Include="..\..\factory_method_pizza - 複製\factory_method_pizza\Clams.cpp">
      <Filter>資源檔</Filter>
    </ClCompile>
    <ClCompile Include="..\..\factory_method_pizza - 複製\factory_method_pizza\Dough.cpp">
      <Filter>資源檔</Filter>
    </ClCompile>
    <ClCompile Include="..\..\factory_method_pizza - 複製\factory_method_pizza\GenPizza.cpp">
      <Filter>資源檔</Filter>
    </ClCompile>
    <ClCompile Include="..\..\factory_method_pizza - 複製\factory_method_pizza\NYPizzaIngredientFactory.cpp">
      <Filter>資源檔</Filter>
    </ClCompile>
    <ClCompile Include="..\..\factory_method_pizza - 複製\factory_method_pizza\NYPizzaStore.cpp">
      <Filter>資源檔</Filter>
    </ClCompile>
    <ClCompile Include="..\..\factory_method_pizza - 複製\factory_method_pizza\Pizza.cpp">
      <Filter>資源檔</Filter>
    </ClCompile>
    <ClCompile Include="..\..\factory_method_pizza - 複製\factory_method_pizza\PizzaStore.cpp">
      <Filter>資源檔</Filter>
    </ClCompile>
    <ClCompile Include="..\..\factory_method_pizza - 複製\factory_method_pizza\Sauce.cpp">
      <Filter>資源檔</Filter>
    </ClCompile>
    <ClCompile Include="..\..\factory_method_pizza - 複製\factory_method_pizza\VeggiePizza.cpp">
      <Filter>資源檔</Filter>
    </ClCompile>
    <ClCompile Include="..\..\factory_method_pizza - 複製\factory_method_pizza\Veggies.cpp">
      <Filter>資源檔</Filter>
    </ClCompile>
  </ItemGroup>
</Project>